
Microsoft Visual Studio Solution File, Format Version 12.00
# Visual Studio Version 17
VisualStudioVersion = 17.13.35919.96 d17.13
MinimumVisualStudioVersion = 10.0.40219.1
Project("{FAE04EC0-301F-11D3-BF4B-00C04F79EFBC}") = "OOP", "OOP.csproj", "{61DB52C5-AE61-436C-B712-5A29AE588BFB}"
EndProject
Global
	GlobalSection(SolutionConfigurationPlatforms) = preSolution
		Debug|Any CPU = Debug|Any CPU
		Release|Any CPU = Release|Any CPU
	EndGlobalSection
	GlobalSection(ProjectConfigurationPlatforms) = postSolution
		{61DB52C5-AE61-436C-B712-5A29AE588BFB}.Debug|Any CPU.ActiveCfg = Debug|Any CPU
		{61DB52C5-AE61-436C-B712-5A29AE588BFB}.Debug|Any CPU.Build.0 = Debug|Any CPU
		{61DB52C5-AE61-436C-B712-5A29AE588BFB}.Release|Any CPU.ActiveCfg = Release|Any CPU
		{61DB52C5-AE61-436C-B712-5A29AE588BFB}.Release|Any CPU.Build.0 = Release|Any CPU
	EndGlobalSection
	GlobalSection(SolutionProperties) = preSolution
		HideSolutionNode = FALSE
	EndGlobalSection
	GlobalSection(ExtensibilityGlobals) = postSolution
		SolutionGuid = {7A2E07B6-D479-4860-B3D8-63513018FE0B}
	EndGlobalSection
EndGlobal
